
Microsoft Visual Studio Solution File, Format Version 12.00
# Visual Studio Version 17
VisualStudioVersion = 17.5.33530.505
MinimumVisualStudioVersion = 10.0.40219.1
Project("{9A19103F-16F7-4668-BE54-9A1E7A4F7556}") = "RecipeApp", "RecipeApp.csproj", "{5DE1E7CF-F567-40AC-A0AA-6825C7CCF0AD}"
EndProject
Global
	GlobalSection(SolutionConfigurationPlatforms) = preSolution
		Debug|Any CPU = Debug|Any CPU
		Release|Any CPU = Release|Any CPU
	EndGlobalSection
	GlobalSection(ProjectConfigurationPlatforms) = postSolution
		{5DE1E7CF-F567-40AC-A0AA-6825C7CCF0AD}.Debug|Any CPU.ActiveCfg = Debug|Any CPU
		{5DE1E7CF-F567-40AC-A0AA-6825C7CCF0AD}.Debug|Any CPU.Build.0 = Debug|Any CPU
		{5DE1E7CF-F567-40AC-A0AA-6825C7CCF0AD}.Release|Any CPU.ActiveCfg = Release|Any CPU
		{5DE1E7CF-F567-40AC-A0AA-6825C7CCF0AD}.Release|Any CPU.Build.0 = Release|Any CPU
	EndGlobalSection
	GlobalSection(SolutionProperties) = preSolution
		HideSolutionNode = FALSE
	EndGlobalSection
	GlobalSection(ExtensibilityGlobals) = postSolution
		SolutionGuid = {BCA25FFE-1278-477E-A0A2-60BD7C53EB2F}
	EndGlobalSection
EndGlobal
